// !$*UTF8*$!
{
	archiveVersion = 1;
	classes = {
	};
	objectVersion = 56;
	objects = {

/* Begin PBXBuildFile section */
		154A78AE2C7FB1DA00088B86 /* PageChangeIndicatorView.swift in Sources */ = {isa = PBXBuildFile; fileRef = 154A78AD2C7FB1DA00088B86 /* PageChangeIndicatorView.swift */; };
		155C1DC02C62BD6A00FC5882 /* SharedHelpers.swift in Sources */ = {isa = PBXBuildFile; fileRef = 155C1DBF2C62BD6A00FC5882 /* SharedHelpers.swift */; };
		155C1DC42C62BD6B00FC5882 /* Assets.xcassets in Resources */ = {isa = PBXBuildFile; fileRef = 155C1DC32C62BD6B00FC5882 /* Assets.xcassets */; };
		155C1DC72C62BD6B00FC5882 /* Preview Assets.xcassets in Resources */ = {isa = PBXBuildFile; fileRef = 155C1DC62C62BD6B00FC5882 /* Preview Assets.xcassets */; };
		155C1DD12C62BD6B00FC5882 /* MyiPadSketchbookTests.swift in Sources */ = {isa = PBXBuildFile; fileRef = 155C1DD02C62BD6B00FC5882 /* MyiPadSketchbookTests.swift */; };
		155C1DDB2C62BD6B00FC5882 /* MyiPadSketchbookUITests.swift in Sources */ = {isa = PBXBuildFile; fileRef = 155C1DDA2C62BD6B00FC5882 /* MyiPadSketchbookUITests.swift */; };
		155C1DDD2C62BD6B00FC5882 /* MyiPadSketchbookUITestsLaunchTests.swift in Sources */ = {isa = PBXBuildFile; fileRef = 155C1DDC2C62BD6B00FC5882 /* MyiPadSketchbookUITestsLaunchTests.swift */; };
		15B03BA42C71EA60007589CB /* MyiPadSketchbook.swift in Sources */ = {isa = PBXBuildFile; fileRef = 15B03BA32C71EA60007589CB /* MyiPadSketchbook.swift */; };
		15B03BA62C71EA9A007589CB /* PageModel.swift in Sources */ = {isa = PBXBuildFile; fileRef = 15B03BA52C71EA9A007589CB /* PageModel.swift */; };
		15B03BA82C71EAEF007589CB /* PageManager.swift in Sources */ = {isa = PBXBuildFile; fileRef = 15B03BA72C71EAEF007589CB /* PageManager.swift */; };
		15B03BAB2C71EB82007589CB /* PageView.swift in Sources */ = {isa = PBXBuildFile; fileRef = 15B03BAA2C71EB82007589CB /* PageView.swift */; };
		15B03BAD2C71EBC9007589CB /* MapView.swift in Sources */ = {isa = PBXBuildFile; fileRef = 15B03BAC2C71EBC9007589CB /* MapView.swift */; };
		15B03BAF2C71EBF2007589CB /* PencilKitView.swift in Sources */ = {isa = PBXBuildFile; fileRef = 15B03BAE2C71EBF2007589CB /* PencilKitView.swift */; };
		15B03BB12C71EC20007589CB /* DotGridView.swift in Sources */ = {isa = PBXBuildFile; fileRef = 15B03BB02C71EC20007589CB /* DotGridView.swift */; };
		15CEF9492C9222ED00B33DB6 /* ToolbarButtonStyle.swift in Sources */ = {isa = PBXBuildFile; fileRef = 15CEF9482C9222ED00B33DB6 /* ToolbarButtonStyle.swift */; };
/* End PBXBuildFile section */

/* Begin PBXContainerItemProxy section */
		155C1DCD2C62BD6B00FC5882 /* PBXContainerItemProxy */ = {
			isa = PBXContainerItemProxy;
			containerPortal = 155C1DB22C62BD6A00FC5882 /* Project object */;
			proxyType = 1;
			remoteGlobalIDString = 155C1DB92C62BD6A00FC5882;
			remoteInfo = MyiPadSketchbook;
		};
		155C1DD72C62BD6B00FC5882 /* PBXContainerItemProxy */ = {
			isa = PBXContainerItemProxy;
			containerPortal = 155C1DB22C62BD6A00FC5882 /* Project object */;
			proxyType = 1;
			remoteGlobalIDString = 155C1DB92C62BD6A00FC5882;
			remoteInfo = MyiPadSketchbook;
		};
/* End PBXContainerItemProxy section */

/* Begin PBXFileReference section */
		154A78AD2C7FB1DA00088B86 /* PageChangeIndicatorView.swift */ = {isa = PBXFileReference; lastKnownFileType = sourcecode.swift; path = PageChangeIndicatorView.swift; sourceTree = "<group>"; };
		155C1DBA2C62BD6A00FC5882 /* MyiPadSketchbook.app */ = {isa = PBXFileReference; explicitFileType = wrapper.application; includeInIndex = 0; path = MyiPadSketchbook.app; sourceTree = BUILT_PRODUCTS_DIR; };
		155C1DBF2C62BD6A00FC5882 /* SharedHelpers.swift */ = {isa = PBXFileReference; lastKnownFileType = sourcecode.swift; path = SharedHelpers.swift; sourceTree = "<group>"; };
		155C1DC32C62BD6B00FC5882 /* Assets.xcassets */ = {isa = PBXFileReference; lastKnownFileType = folder.assetcatalog; path = Assets.xcassets; sourceTree = "<group>"; };
		155C1DC62C62BD6B00FC5882 /* Preview Assets.xcassets */ = {isa = PBXFileReference; lastKnownFileType = folder.assetcatalog; path = "Preview Assets.xcassets"; sourceTree = "<group>"; };
		155C1DCC2C62BD6B00FC5882 /* MyiPadSketchbookTests.xctest */ = {isa = PBXFileReference; explicitFileType = wrapper.cfbundle; includeInIndex = 0; path = MyiPadSketchbookTests.xctest; sourceTree = BUILT_PRODUCTS_DIR; };
		155C1DD02C62BD6B00FC5882 /* MyiPadSketchbookTests.swift */ = {isa = PBXFileReference; lastKnownFileType = sourcecode.swift; path = MyiPadSketchbookTests.swift; sourceTree = "<group>"; };
		155C1DD62C62BD6B00FC5882 /* MyiPadSketchbookUITests.xctest */ = {isa = PBXFileReference; explicitFileType = wrapper.cfbundle; includeInIndex = 0; path = MyiPadSketchbookUITests.xctest; sourceTree = BUILT_PRODUCTS_DIR; };
		155C1DDA2C62BD6B00FC5882 /* MyiPadSketchbookUITests.swift */ = {isa = PBXFileReference; lastKnownFileType = sourcecode.swift; path = MyiPadSketchbookUITests.swift; sourceTree = "<group>"; };
		155C1DDC2C62BD6B00FC5882 /* MyiPadSketchbookUITestsLaunchTests.swift */ = {isa = PBXFileReference; lastKnownFileType = sourcecode.swift; path = MyiPadSketchbookUITestsLaunchTests.swift; sourceTree = "<group>"; };
		158385952C83190000735249 /* MyiPadSketchbookDebug.entitlements */ = {isa = PBXFileReference; lastKnownFileType = text.plist.entitlements; path = MyiPadSketchbookDebug.entitlements; sourceTree = "<group>"; };
		158385962C83237B00735249 /* MyiPadSketchbookRelease.entitlements */ = {isa = PBXFileReference; lastKnownFileType = text.plist.entitlements; path = MyiPadSketchbookRelease.entitlements; sourceTree = "<group>"; };
		158F41B32C715D7A00FC886D /* Info.plist */ = {isa = PBXFileReference; lastKnownFileType = text.plist; path = Info.plist; sourceTree = "<group>"; };
		15B03BA32C71EA60007589CB /* MyiPadSketchbook.swift */ = {isa = PBXFileReference; lastKnownFileType = sourcecode.swift; path = MyiPadSketchbook.swift; sourceTree = "<group>"; };
		15B03BA52C71EA9A007589CB /* PageModel.swift */ = {isa = PBXFileReference; lastKnownFileType = sourcecode.swift; path = PageModel.swift; sourceTree = "<group>"; };
		15B03BA72C71EAEF007589CB /* PageManager.swift */ = {isa = PBXFileReference; lastKnownFileType = sourcecode.swift; path = PageManager.swift; sourceTree = "<group>"; };
		15B03BAA2C71EB82007589CB /* PageView.swift */ = {isa = PBXFileReference; lastKnownFileType = sourcecode.swift; path = PageView.swift; sourceTree = "<group>"; };
		15B03BAC2C71EBC9007589CB /* MapView.swift */ = {isa = PBXFileReference; lastKnownFileType = sourcecode.swift; path = MapView.swift; sourceTree = "<group>"; };
		15B03BAE2C71EBF2007589CB /* PencilKitView.swift */ = {isa = PBXFileReference; lastKnownFileType = sourcecode.swift; path = PencilKitView.swift; sourceTree = "<group>"; };
		15B03BB02C71EC20007589CB /* DotGridView.swift */ = {isa = PBXFileReference; lastKnownFileType = sourcecode.swift; path = DotGridView.swift; sourceTree = "<group>"; };
		15CEF9482C9222ED00B33DB6 /* ToolbarButtonStyle.swift */ = {isa = PBXFileReference; lastKnownFileType = sourcecode.swift; path = ToolbarButtonStyle.swift; sourceTree = "<group>"; };
/* End PBXFileReference section */

/* Begin PBXFrameworksBuildPhase section */
		155C1DB72C62BD6A00FC5882 /* Frameworks */ = {
			isa = PBXFrameworksBuildPhase;
			buildActionMask = 2147483647;
			files = (
			);
			runOnlyForDeploymentPostprocessing = 0;
		};
		155C1DC92C62BD6B00FC5882 /* Frameworks */ = {
			isa = PBXFrameworksBuildPhase;
			buildActionMask = 2147483647;
			files = (
			);
			runOnlyForDeploymentPostprocessing = 0;
		};
		155C1DD32C62BD6B00FC5882 /* Frameworks */ = {
			isa = PBXFrameworksBuildPhase;
			buildActionMask = 2147483647;
			files = (
			);
			runOnlyForDeploymentPostprocessing = 0;
		};
/* End PBXFrameworksBuildPhase section */

/* Begin PBXGroup section */
		155C1DB12C62BD6A00FC5882 = {
			isa = PBXGroup;
			children = (
				155C1DBC2C62BD6A00FC5882 /* MyiPadSketchbook */,
				155C1DCF2C62BD6B00FC5882 /* MyiPadSketchbookTests */,
				155C1DD92C62BD6B00FC5882 /* MyiPadSketchbookUITests */,
				155C1DBB2C62BD6A00FC5882 /* Products */,
			);
			sourceTree = "<group>";
		};
		155C1DBB2C62BD6A00FC5882 /* Products */ = {
			isa = PBXGroup;
			children = (
				155C1DBA2C62BD6A00FC5882 /* MyiPadSketchbook.app */,
				155C1DCC2C62BD6B00FC5882 /* MyiPadSketchbookTests.xctest */,
				155C1DD62C62BD6B00FC5882 /* MyiPadSketchbookUITests.xctest */,
			);
			name = Products;
			sourceTree = "<group>";
		};
		155C1DBC2C62BD6A00FC5882 /* MyiPadSketchbook */ = {
			isa = PBXGroup;
			children = (
				158385962C83237B00735249 /* MyiPadSketchbookRelease.entitlements */,
				158385952C83190000735249 /* MyiPadSketchbookDebug.entitlements */,
				15B03BB42C71EF58007589CB /* Helpers */,
				15B03BB32C71EE42007589CB /* ViewModels */,
				15B03BB22C71EE32007589CB /* Models */,
				15B03BA92C71EB66007589CB /* Views */,
				158F41B32C715D7A00FC886D /* Info.plist */,
				155C1DC32C62BD6B00FC5882 /* Assets.xcassets */,
				155C1DC52C62BD6B00FC5882 /* Preview Content */,
				15B03BA32C71EA60007589CB /* MyiPadSketchbook.swift */,
			);
			path = MyiPadSketchbook;
			sourceTree = "<group>";
		};
		155C1DC52C62BD6B00FC5882 /* Preview Content */ = {
			isa = PBXGroup;
			children = (
				155C1DC62C62BD6B00FC5882 /* Preview Assets.xcassets */,
			);
			path = "Preview Content";
			sourceTree = "<group>";
		};
		155C1DCF2C62BD6B00FC5882 /* MyiPadSketchbookTests */ = {
			isa = PBXGroup;
			children = (
				155C1DD02C62BD6B00FC5882 /* MyiPadSketchbookTests.swift */,
			);
			path = MyiPadSketchbookTests;
			sourceTree = "<group>";
		};
		155C1DD92C62BD6B00FC5882 /* MyiPadSketchbookUITests */ = {
			isa = PBXGroup;
			children = (
				155C1DDA2C62BD6B00FC5882 /* MyiPadSketchbookUITests.swift */,
				155C1DDC2C62BD6B00FC5882 /* MyiPadSketchbookUITestsLaunchTests.swift */,
			);
			path = MyiPadSketchbookUITests;
			sourceTree = "<group>";
		};
		15B03BA92C71EB66007589CB /* Views */ = {
			isa = PBXGroup;
			children = (
				15B03BAA2C71EB82007589CB /* PageView.swift */,
				15B03BAC2C71EBC9007589CB /* MapView.swift */,
				15B03BAE2C71EBF2007589CB /* PencilKitView.swift */,
				15B03BB02C71EC20007589CB /* DotGridView.swift */,
				154A78AD2C7FB1DA00088B86 /* PageChangeIndicatorView.swift */,
			);
			path = Views;
			sourceTree = "<group>";
		};
		15B03BB22C71EE32007589CB /* Models */ = {
			isa = PBXGroup;
			children = (
				15B03BA52C71EA9A007589CB /* PageModel.swift */,
			);
			path = Models;
			sourceTree = "<group>";
		};
		15B03BB32C71EE42007589CB /* ViewModels */ = {
			isa = PBXGroup;
			children = (
				15B03BA72C71EAEF007589CB /* PageManager.swift */,
			);
			path = ViewModels;
			sourceTree = "<group>";
		};
		15B03BB42C71EF58007589CB /* Helpers */ = {
			isa = PBXGroup;
			children = (
				155C1DBF2C62BD6A00FC5882 /* SharedHelpers.swift */,
				15CEF9482C9222ED00B33DB6 /* ToolbarButtonStyle.swift */,
			);
			path = Helpers;
			sourceTree = "<group>";
		};
/* End PBXGroup section */

/* Begin PBXNativeTarget section */
		155C1DB92C62BD6A00FC5882 /* MyiPadSketchbook */ = {
			isa = PBXNativeTarget;
			buildConfigurationList = 155C1DE02C62BD6B00FC5882 /* Build configuration list for PBXNativeTarget "MyiPadSketchbook" */;
			buildPhases = (
				155C1DB62C62BD6A00FC5882 /* Sources */,
				155C1DB72C62BD6A00FC5882 /* Frameworks */,
				155C1DB82C62BD6A00FC5882 /* Resources */,
			);
			buildRules = (
			);
			dependencies = (
			);
			name = MyiPadSketchbook;
			productName = MyiPadSketchbook;
			productReference = 155C1DBA2C62BD6A00FC5882 /* MyiPadSketchbook.app */;
			productType = "com.apple.product-type.application";
		};
		155C1DCB2C62BD6B00FC5882 /* MyiPadSketchbookTests */ = {
			isa = PBXNativeTarget;
			buildConfigurationList = 155C1DE32C62BD6B00FC5882 /* Build configuration list for PBXNativeTarget "MyiPadSketchbookTests" */;
			buildPhases = (
				155C1DC82C62BD6B00FC5882 /* Sources */,
				155C1DC92C62BD6B00FC5882 /* Frameworks */,
				155C1DCA2C62BD6B00FC5882 /* Resources */,
			);
			buildRules = (
			);
			dependencies = (
				155C1DCE2C62BD6B00FC5882 /* PBXTargetDependency */,
			);
			name = MyiPadSketchbookTests;
			productName = MyiPadSketchbookTests;
			productReference = 155C1DCC2C62BD6B00FC5882 /* MyiPadSketchbookTests.xctest */;
			productType = "com.apple.product-type.bundle.unit-test";
		};
		155C1DD52C62BD6B00FC5882 /* MyiPadSketchbookUITests */ = {
			isa = PBXNativeTarget;
			buildConfigurationList = 155C1DE62C62BD6B00FC5882 /* Build configuration list for PBXNativeTarget "MyiPadSketchbookUITests" */;
			buildPhases = (
				155C1DD22C62BD6B00FC5882 /* Sources */,
				155C1DD32C62BD6B00FC5882 /* Frameworks */,
				155C1DD42C62BD6B00FC5882 /* Resources */,
			);
			buildRules = (
			);
			dependencies = (
				155C1DD82C62BD6B00FC5882 /* PBXTargetDependency */,
			);
			name = MyiPadSketchbookUITests;
			productName = MyiPadSketchbookUITests;
			productReference = 155C1DD62C62BD6B00FC5882 /* MyiPadSketchbookUITests.xctest */;
			productType = "com.apple.product-type.bundle.ui-testing";
		};
/* End PBXNativeTarget section */

/* Begin PBXProject section */
		155C1DB22C62BD6A00FC5882 /* Project object */ = {
			isa = PBXProject;
			attributes = {
				BuildIndependentTargetsInParallel = 1;
				LastSwiftUpdateCheck = 1540;
				LastUpgradeCheck = 1540;
				TargetAttributes = {
					155C1DB92C62BD6A00FC5882 = {
						CreatedOnToolsVersion = 15.4;
					};
					155C1DCB2C62BD6B00FC5882 = {
						CreatedOnToolsVersion = 15.4;
						TestTargetID = 155C1DB92C62BD6A00FC5882;
					};
					155C1DD52C62BD6B00FC5882 = {
						CreatedOnToolsVersion = 15.4;
						TestTargetID = 155C1DB92C62BD6A00FC5882;
					};
				};
			};
			buildConfigurationList = 155C1DB52C62BD6A00FC5882 /* Build configuration list for PBXProject "MyiPadSketchbook" */;
			compatibilityVersion = "Xcode 14.0";
			developmentRegion = en;
			hasScannedForEncodings = 0;
			knownRegions = (
				en,
				Base,
			);
			mainGroup = 155C1DB12C62BD6A00FC5882;
			productRefGroup = 155C1DBB2C62BD6A00FC5882 /* Products */;
			projectDirPath = "";
			projectRoot = "";
			targets = (
				155C1DB92C62BD6A00FC5882 /* MyiPadSketchbook */,
				155C1DCB2C62BD6B00FC5882 /* MyiPadSketchbookTests */,
				155C1DD52C62BD6B00FC5882 /* MyiPadSketchbookUITests */,
			);
		};
/* End PBXProject section */

/* Begin PBXResourcesBuildPhase section */
		155C1DB82C62BD6A00FC5882 /* Resources */ = {
			isa = PBXResourcesBuildPhase;
			buildActionMask = 2147483647;
			files = (
				155C1DC72C62BD6B00FC5882 /* Preview Assets.xcassets in Resources */,
				155C1DC42C62BD6B00FC5882 /* Assets.xcassets in Resources */,
			);
			runOnlyForDeploymentPostprocessing = 0;
		};
		155C1DCA2C62BD6B00FC5882 /* Resources */ = {
			isa = PBXResourcesBuildPhase;
			buildActionMask = 2147483647;
			files = (
			);
			runOnlyForDeploymentPostprocessing = 0;
		};
		155C1DD42C62BD6B00FC5882 /* Resources */ = {
			isa = PBXResourcesBuildPhase;
			buildActionMask = 2147483647;
			files = (
			);
			runOnlyForDeploymentPostprocessing = 0;
		};
/* End PBXResourcesBuildPhase section */

/* Begin PBXSourcesBuildPhase section */
		155C1DB62C62BD6A00FC5882 /* Sources */ = {
			isa = PBXSourcesBuildPhase;
			buildActionMask = 2147483647;
			files = (
				155C1DC02C62BD6A00FC5882 /* SharedHelpers.swift in Sources */,
				15CEF9492C9222ED00B33DB6 /* ToolbarButtonStyle.swift in Sources */,
				15B03BA42C71EA60007589CB /* MyiPadSketchbook.swift in Sources */,
				15B03BAB2C71EB82007589CB /* PageView.swift in Sources */,
				154A78AE2C7FB1DA00088B86 /* PageChangeIndicatorView.swift in Sources */,
				15B03BA82C71EAEF007589CB /* PageManager.swift in Sources */,
				15B03BAF2C71EBF2007589CB /* PencilKitView.swift in Sources */,
				15B03BAD2C71EBC9007589CB /* MapView.swift in Sources */,
				15B03BB12C71EC20007589CB /* DotGridView.swift in Sources */,
				15B03BA62C71EA9A007589CB /* PageModel.swift in Sources */,
			);
			runOnlyForDeploymentPostprocessing = 0;
		};
		155C1DC82C62BD6B00FC5882 /* Sources */ = {
			isa = PBXSourcesBuildPhase;
			buildActionMask = 2147483647;
			files = (
				155C1DD12C62BD6B00FC5882 /* MyiPadSketchbookTests.swift in Sources */,
			);
			runOnlyForDeploymentPostprocessing = 0;
		};
		155C1DD22C62BD6B00FC5882 /* Sources */ = {
			isa = PBXSourcesBuildPhase;
			buildActionMask = 2147483647;
			files = (
				155C1DDB2C62BD6B00FC5882 /* MyiPadSketchbookUITests.swift in Sources */,
				155C1DDD2C62BD6B00FC5882 /* MyiPadSketchbookUITestsLaunchTests.swift in Sources */,
			);
			runOnlyForDeploymentPostprocessing = 0;
		};
/* End PBXSourcesBuildPhase section */

/* Begin PBXTargetDependency section */
		155C1DCE2C62BD6B00FC5882 /* PBXTargetDependency */ = {
			isa = PBXTargetDependency;
			target = 155C1DB92C62BD6A00FC5882 /* MyiPadSketchbook */;
			targetProxy = 155C1DCD2C62BD6B00FC5882 /* PBXContainerItemProxy */;
		};
		155C1DD82C62BD6B00FC5882 /* PBXTargetDependency */ = {
			isa = PBXTargetDependency;
			target = 155C1DB92C62BD6A00FC5882 /* MyiPadSketchbook */;
			targetProxy = 155C1DD72C62BD6B00FC5882 /* PBXContainerItemProxy */;
		};
/* End PBXTargetDependency section */

/* Begin XCBuildConfiguration section */
		155C1DDE2C62BD6B00FC5882 /* Debug */ = {
			isa = XCBuildConfiguration;
			buildSettings = {
				ALWAYS_SEARCH_USER_PATHS = NO;
				ASSETCATALOG_COMPILER_GENERATE_SWIFT_ASSET_SYMBOL_EXTENSIONS = YES;
				CLANG_ANALYZER_NONNULL = YES;
				CLANG_ANALYZER_NUMBER_OBJECT_CONVERSION = YES_AGGRESSIVE;
				CLANG_CXX_LANGUAGE_STANDARD = "gnu++20";
				CLANG_ENABLE_MODULES = YES;
				CLANG_ENABLE_OBJC_ARC = YES;
				CLANG_ENABLE_OBJC_WEAK = YES;
				CLANG_WARN_BLOCK_CAPTURE_AUTORELEASING = YES;
				CLANG_WARN_BOOL_CONVERSION = YES;
				CLANG_WARN_COMMA = YES;
				CLANG_WARN_CONSTANT_CONVERSION = YES;
				CLANG_WARN_DEPRECATED_OBJC_IMPLEMENTATIONS = YES;
				CLANG_WARN_DIRECT_OBJC_ISA_USAGE = YES_ERROR;
				CLANG_WARN_DOCUMENTATION_COMMENTS = YES;
				CLANG_WARN_EMPTY_BODY = YES;
				CLANG_WARN_ENUM_CONVERSION = YES;
				CLANG_WARN_INFINITE_RECURSION = YES;
				CLANG_WARN_INT_CONVERSION = YES;
				CLANG_WARN_NON_LITERAL_NULL_CONVERSION = YES;
				CLANG_WARN_OBJC_IMPLICIT_RETAIN_SELF = YES;
				CLANG_WARN_OBJC_LITERAL_CONVERSION = YES;
				CLANG_WARN_OBJC_ROOT_CLASS = YES_ERROR;
				CLANG_WARN_QUOTED_INCLUDE_IN_FRAMEWORK_HEADER = YES;
				CLANG_WARN_RANGE_LOOP_ANALYSIS = YES;
				CLANG_WARN_STRICT_PROTOTYPES = YES;
				CLANG_WARN_SUSPICIOUS_MOVE = YES;
				CLANG_WARN_UNGUARDED_AVAILABILITY = YES_AGGRESSIVE;
				CLANG_WARN_UNREACHABLE_CODE = YES;
				CLANG_WARN__DUPLICATE_METHOD_MATCH = YES;
				COPY_PHASE_STRIP = NO;
				DEBUG_INFORMATION_FORMAT = dwarf;
				ENABLE_STRICT_OBJC_MSGSEND = YES;
				ENABLE_TESTABILITY = YES;
				ENABLE_USER_SCRIPT_SANDBOXING = YES;
				GCC_C_LANGUAGE_STANDARD = gnu17;
				GCC_DYNAMIC_NO_PIC = NO;
				GCC_NO_COMMON_BLOCKS = YES;
				GCC_OPTIMIZATION_LEVEL = 0;
				GCC_PREPROCESSOR_DEFINITIONS = (
					"DEBUG=1",
					"$(inherited)",
				);
				GCC_WARN_64_TO_32_BIT_CONVERSION = YES;
				GCC_WARN_ABOUT_RETURN_TYPE = YES_ERROR;
				GCC_WARN_UNDECLARED_SELECTOR = YES;
				GCC_WARN_UNINITIALIZED_AUTOS = YES_AGGRESSIVE;
				GCC_WARN_UNUSED_FUNCTION = YES;
				GCC_WARN_UNUSED_VARIABLE = YES;
				IPHONEOS_DEPLOYMENT_TARGET = 17.5;
				LOCALIZATION_PREFERS_STRING_CATALOGS = YES;
				MTL_ENABLE_DEBUG_INFO = INCLUDE_SOURCE;
				MTL_FAST_MATH = YES;
				ONLY_ACTIVE_ARCH = YES;
				SDKROOT = iphoneos;
				SWIFT_ACTIVE_COMPILATION_CONDITIONS = "DEBUG $(inherited)";
				SWIFT_OPTIMIZATION_LEVEL = "-Onone";
			};
			name = Debug;
		};
		155C1DDF2C62BD6B00FC5882 /* Release */ = {
			isa = XCBuildConfiguration;
			buildSettings = {
				ALWAYS_SEARCH_USER_PATHS = NO;
				ASSETCATALOG_COMPILER_GENERATE_SWIFT_ASSET_SYMBOL_EXTENSIONS = YES;
				CLANG_ANALYZER_NONNULL = YES;
				CLANG_ANALYZER_NUMBER_OBJECT_CONVERSION = YES_AGGRESSIVE;
				CLANG_CXX_LANGUAGE_STANDARD = "gnu++20";
				CLANG_ENABLE_MODULES = YES;
				CLANG_ENABLE_OBJC_ARC = YES;
				CLANG_ENABLE_OBJC_WEAK = YES;
				CLANG_WARN_BLOCK_CAPTURE_AUTORELEASING = YES;
				CLANG_WARN_BOOL_CONVERSION = YES;
				CLANG_WARN_COMMA = YES;
				CLANG_WARN_CONSTANT_CONVERSION = YES;
				CLANG_WARN_DEPRECATED_OBJC_IMPLEMENTATIONS = YES;
				CLANG_WARN_DIRECT_OBJC_ISA_USAGE = YES_ERROR;
				CLANG_WARN_DOCUMENTATION_COMMENTS = YES;
				CLANG_WARN_EMPTY_BODY = YES;
				CLANG_WARN_ENUM_CONVERSION = YES;
				CLANG_WARN_INFINITE_RECURSION = YES;
				CLANG_WARN_INT_CONVERSION = YES;
				CLANG_WARN_NON_LITERAL_NULL_CONVERSION = YES;
				CLANG_WARN_OBJC_IMPLICIT_RETAIN_SELF = YES;
				CLANG_WARN_OBJC_LITERAL_CONVERSION = YES;
				CLANG_WARN_OBJC_ROOT_CLASS = YES_ERROR;
				CLANG_WARN_QUOTED_INCLUDE_IN_FRAMEWORK_HEADER = YES;
				CLANG_WARN_RANGE_LOOP_ANALYSIS = YES;
				CLANG_WARN_STRICT_PROTOTYPES = YES;
				CLANG_WARN_SUSPICIOUS_MOVE = YES;
				CLANG_WARN_UNGUARDED_AVAILABILITY = YES_AGGRESSIVE;
				CLANG_WARN_UNREACHABLE_CODE = YES;
				CLANG_WARN__DUPLICATE_METHOD_MATCH = YES;
				COPY_PHASE_STRIP = NO;
				DEBUG_INFORMATION_FORMAT = "dwarf-with-dsym";
				ENABLE_NS_ASSERTIONS = NO;
				ENABLE_STRICT_OBJC_MSGSEND = YES;
				ENABLE_USER_SCRIPT_SANDBOXING = YES;
				GCC_C_LANGUAGE_STANDARD = gnu17;
				GCC_NO_COMMON_BLOCKS = YES;
				GCC_WARN_64_TO_32_BIT_CONVERSION = YES;
				GCC_WARN_ABOUT_RETURN_TYPE = YES_ERROR;
				GCC_WARN_UNDECLARED_SELECTOR = YES;
				GCC_WARN_UNINITIALIZED_AUTOS = YES_AGGRESSIVE;
				GCC_WARN_UNUSED_FUNCTION = YES;
				GCC_WARN_UNUSED_VARIABLE = YES;
				IPHONEOS_DEPLOYMENT_TARGET = 17.5;
				LOCALIZATION_PREFERS_STRING_CATALOGS = YES;
				MTL_ENABLE_DEBUG_INFO = NO;
				MTL_FAST_MATH = YES;
				SDKROOT = iphoneos;
				SWIFT_COMPILATION_MODE = wholemodule;
				VALIDATE_PRODUCT = YES;
			};
			name = Release;
		};
		155C1DE12C62BD6B00FC5882 /* Debug */ = {
			isa = XCBuildConfiguration;
			buildSettings = {
				ASSETCATALOG_COMPILER_APPICON_NAME = AppIcon;
				ASSETCATALOG_COMPILER_GLOBAL_ACCENT_COLOR_NAME = AccentColor;
				ASSETCATALOG_COMPILER_INCLUDE_ALL_APPICON_ASSETS = NO;
				CODE_SIGN_ENTITLEMENTS = MyiPadSketchbook/MyiPadSketchbookDebug.entitlements;
				CODE_SIGN_STYLE = Automatic;
				CURRENT_PROJECT_VERSION = 1;
				DEVELOPMENT_ASSET_PATHS = "\"MyiPadSketchbook/Preview Content\"";
				DEVELOPMENT_TEAM = Y6G9AAT4BU;
				ENABLE_PREVIEWS = YES;
				GENERATE_INFOPLIST_FILE = YES;
				INFOPLIST_FILE = MyiPadSketchbook/Info.plist;
				INFOPLIST_KEY_CFBundleDisplayName = GridNotes.DAFx;
				INFOPLIST_KEY_LSApplicationCategoryType = "public.app-category.productivity";
				INFOPLIST_KEY_UIApplicationSupportsIndirectInputEvents = YES;
				INFOPLIST_KEY_UILaunchScreen_Generation = YES;
				INFOPLIST_KEY_UIRequiresFullScreen = YES;
				INFOPLIST_KEY_UIStatusBarStyle = "";
				INFOPLIST_KEY_UISupportedInterfaceOrientations = "UIInterfaceOrientationPortrait UIInterfaceOrientationPortraitUpsideDown";
				LD_RUNPATH_SEARCH_PATHS = (
					"$(inherited)",
					"@executable_path/Frameworks",
				);
				MARKETING_VERSION = 1.0;
				PRODUCT_BUNDLE_IDENTIFIER = timlloyd.GridNotes.DAFx24;
				PRODUCT_NAME = "$(TARGET_NAME)";
				SUPPORTED_PLATFORMS = "iphoneos iphonesimulator";
				SUPPORTS_MACCATALYST = NO;
				SUPPORTS_MAC_DESIGNED_FOR_IPHONE_IPAD = YES;
				SUPPORTS_XR_DESIGNED_FOR_IPHONE_IPAD = NO;
				SWIFT_EMIT_LOC_STRINGS = YES;
				SWIFT_VERSION = 5.0;
				TARGETED_DEVICE_FAMILY = "1,2";
			};
			name = Debug;
		};
		155C1DE22C62BD6B00FC5882 /* Release */ = {
			isa = XCBuildConfiguration;
			buildSettings = {
				ASSETCATALOG_COMPILER_APPICON_NAME = AppIcon;
				ASSETCATALOG_COMPILER_GLOBAL_ACCENT_COLOR_NAME = AccentColor;
				ASSETCATALOG_COMPILER_INCLUDE_ALL_APPICON_ASSETS = NO;
				CODE_SIGN_ENTITLEMENTS = MyiPadSketchbook/MyiPadSketchbookRelease.entitlements;
				CODE_SIGN_STYLE = Automatic;
				CURRENT_PROJECT_VERSION = 1;
				DEVELOPMENT_ASSET_PATHS = "\"MyiPadSketchbook/Preview Content\"";
				DEVELOPMENT_TEAM = Y6G9AAT4BU;
				ENABLE_PREVIEWS = YES;
				GENERATE_INFOPLIST_FILE = YES;
				INFOPLIST_FILE = MyiPadSketchbook/Info.plist;
				INFOPLIST_KEY_CFBundleDisplayName = GridNotes.DAFx;
				INFOPLIST_KEY_LSApplicationCategoryType = "public.app-category.productivity";
				INFOPLIST_KEY_UIApplicationSupportsIndirectInputEvents = YES;
				INFOPLIST_KEY_UILaunchScreen_Generation = YES;
				INFOPLIST_KEY_UIRequiresFullScreen = YES;
				INFOPLIST_KEY_UIStatusBarStyle = "";
				INFOPLIST_KEY_UISupportedInterfaceOrientations = "UIInterfaceOrientationPortrait UIInterfaceOrientationPortraitUpsideDown";
				LD_RUNPATH_SEARCH_PATHS = (
					"$(inherited)",
					"@executable_path/Frameworks",
				);
				MARKETING_VERSION = 1.0;
				PRODUCT_BUNDLE_IDENTIFIER = timlloyd.GridNotes.DAFx24;
				PRODUCT_NAME = "$(TARGET_NAME)";
				SUPPORTED_PLATFORMS = "iphoneos iphonesimulator";
				SUPPORTS_MACCATALYST = NO;
				SUPPORTS_MAC_DESIGNED_FOR_IPHONE_IPAD = YES;
				SUPPORTS_XR_DESIGNED_FOR_IPHONE_IPAD = NO;
				SWIFT_EMIT_LOC_STRINGS = YES;
				SWIFT_VERSION = 5.0;
				TARGETED_DEVICE_FAMILY = "1,2";
			};
			name = Release;
		};
		155C1DE42C62BD6B00FC5882 /* Debug */ = {
			isa = XCBuildConfiguration;
			buildSettings = {
				ALWAYS_EMBED_SWIFT_STANDARD_LIBRARIES = YES;
				BUNDLE_LOADER = "$(TEST_HOST)";
				CODE_SIGN_STYLE = Automatic;
				CURRENT_PROJECT_VERSION = 1;
				DEVELOPMENT_TEAM = Y6G9AAT4BU;
				GENERATE_INFOPLIST_FILE = YES;
				IPHONEOS_DEPLOYMENT_TARGET = 17.5;
				MARKETING_VERSION = 1.0;
				PRODUCT_BUNDLE_IDENTIFIER = timlloyd.MyiPadSketchbookTests;
				PRODUCT_NAME = "$(TARGET_NAME)";
				SWIFT_EMIT_LOC_STRINGS = NO;
				SWIFT_VERSION = 5.0;
				TARGETED_DEVICE_FAMILY = "1,2";
				TEST_HOST = "$(BUILT_PRODUCTS_DIR)/MyiPadSketchbook.app/$(BUNDLE_EXECUTABLE_FOLDER_PATH)/MyiPadSketchbook";
			};
			name = Debug;
		};
		155C1DE52C62BD6B00FC5882 /* Release */ = {
			isa = XCBuildConfiguration;
			buildSettings = {
				ALWAYS_EMBED_SWIFT_STANDARD_LIBRARIES = YES;
				BUNDLE_LOADER = "$(TEST_HOST)";
				CODE_SIGN_STYLE = Automatic;
				CURRENT_PROJECT_VERSION = 1;
				DEVELOPMENT_TEAM = Y6G9AAT4BU;
				GENERATE_INFOPLIST_FILE = YES;
				IPHONEOS_DEPLOYMENT_TARGET = 17.5;
				MARKETING_VERSION = 1.0;
				PRODUCT_BUNDLE_IDENTIFIER = timlloyd.MyiPadSketchbookTests;
				PRODUCT_NAME = "$(TARGET_NAME)";
				SWIFT_EMIT_LOC_STRINGS = NO;
				SWIFT_VERSION = 5.0;
				TARGETED_DEVICE_FAMILY = "1,2";
				TEST_HOST = "$(BUILT_PRODUCTS_DIR)/MyiPadSketchbook.app/$(BUNDLE_EXECUTABLE_FOLDER_PATH)/MyiPadSketchbook";
			};
			name = Release;
		};
		155C1DE72C62BD6B00FC5882 /* Debug */ = {
			isa = XCBuildConfiguration;
			buildSettings = {
				ALWAYS_EMBED_SWIFT_STANDARD_LIBRARIES = YES;
				CODE_SIGN_STYLE = Automatic;
				CURRENT_PROJECT_VERSION = 1;
				DEVELOPMENT_TEAM = Y6G9AAT4BU;
				GENERATE_INFOPLIST_FILE = YES;
				MARKETING_VERSION = 1.0;
				PRODUCT_BUNDLE_IDENTIFIER = timlloyd.MyiPadSketchbookUITests;
				PRODUCT_NAME = "$(TARGET_NAME)";
				SWIFT_EMIT_LOC_STRINGS = NO;
				SWIFT_VERSION = 5.0;
				TARGETED_DEVICE_FAMILY = "1,2";
				TEST_TARGET_NAME = MyiPadSketchbook;
			};
			name = Debug;
		};
		155C1DE82C62BD6B00FC5882 /* Release */ = {
			isa = XCBuildConfiguration;
			buildSettings = {
				ALWAYS_EMBED_SWIFT_STANDARD_LIBRARIES = YES;
				CODE_SIGN_STYLE = Automatic;
				CURRENT_PROJECT_VERSION = 1;
				DEVELOPMENT_TEAM = Y6G9AAT4BU;
				GENERATE_INFOPLIST_FILE = YES;
				MARKETING_VERSION = 1.0;
				PRODUCT_BUNDLE_IDENTIFIER = timlloyd.MyiPadSketchbookUITests;
				PRODUCT_NAME = "$(TARGET_NAME)";
				SWIFT_EMIT_LOC_STRINGS = NO;
				SWIFT_VERSION = 5.0;
				TARGETED_DEVICE_FAMILY = "1,2";
				TEST_TARGET_NAME = MyiPadSketchbook;
			};
			name = Release;
		};
/* End XCBuildConfiguration section */

/* Begin XCConfigurationList section */
		155C1DB52C62BD6A00FC5882 /* Build configuration list for PBXProject "MyiPadSketchbook" */ = {
			isa = XCConfigurationList;
			buildConfigurations = (
				155C1DDE2C62BD6B00FC5882 /* Debug */,
				155C1DDF2C62BD6B00FC5882 /* Release */,
			);
			defaultConfigurationIsVisible = 0;
			defaultConfigurationName = Release;
		};
		155C1DE02C62BD6B00FC5882 /* Build configuration list for PBXNativeTarget "MyiPadSketchbook" */ = {
			isa = XCConfigurationList;
			buildConfigurations = (
				155C1DE12C62BD6B00FC5882 /* Debug */,
				155C1DE22C62BD6B00FC5882 /* Release */,
			);
			defaultConfigurationIsVisible = 0;
			defaultConfigurationName = Release;
		};
		155C1DE32C62BD6B00FC5882 /* Build configuration list for PBXNativeTarget "MyiPadSketchbookTests" */ = {
			isa = XCConfigurationList;
			buildConfigurations = (
				155C1DE42C62BD6B00FC5882 /* Debug */,
				155C1DE52C62BD6B00FC5882 /* Release */,
			);
			defaultConfigurationIsVisible = 0;
			defaultConfigurationName = Release;
		};
		155C1DE62C62BD6B00FC5882 /* Build configuration list for PBXNativeTarget "MyiPadSketchbookUITests" */ = {
			isa = XCConfigurationList;
			buildConfigurations = (
				155C1DE72C62BD6B00FC5882 /* Debug */,
				155C1DE82C62BD6B00FC5882 /* Release */,
			);
			defaultConfigurationIsVisible = 0;
			defaultConfigurationName = Release;
		};
/* End XCConfigurationList section */
	};
	rootObject = 155C1DB22C62BD6A00FC5882 /* Project object */;
}
